
Microsoft Visual Studio Solution File, Format Version 12.00
# Visual Studio Version 17
VisualStudioVersion = 17.14.36429.23 d17.14
MinimumVisualStudioVersion = 10.0.40219.1
Project("{FAE04EC0-301F-11D3-BF4B-00C04F79EFBC}") = "SchoolManager", "SchoolManager\SchoolManager.csproj", "{004DE826-51AB-4B63-8DCA-BCB2BF696DEE}"
EndProject
Global
	GlobalSection(SolutionConfigurationPlatforms) = preSolution
		Debug|Any CPU = Debug|Any CPU
		Release|Any CPU = Release|Any CPU
	EndGlobalSection
	GlobalSection(ProjectConfigurationPlatforms) = postSolution
		{004DE826-51AB-4B63-8DCA-BCB2BF696DEE}.Debug|Any CPU.ActiveCfg = Debug|Any CPU
		{004DE826-51AB-4B63-8DCA-BCB2BF696DEE}.Debug|Any CPU.Build.0 = Debug|Any CPU
		{004DE826-51AB-4B63-8DCA-BCB2BF696DEE}.Release|Any CPU.ActiveCfg = Release|Any CPU
		{004DE826-51AB-4B63-8DCA-BCB2BF696DEE}.Release|Any CPU.Build.0 = Release|Any CPU
	EndGlobalSection
	GlobalSection(SolutionProperties) = preSolution
		HideSolutionNode = FALSE
	EndGlobalSection
	GlobalSection(ExtensibilityGlobals) = postSolution
		SolutionGuid = {8CEFA727-ECBC-4DEA-93E9-F32F1CC320F7}
	EndGlobalSection
EndGlobal
